
Microsoft Visual Studio Solution File, Format Version 12.00
# Visual Studio 14
VisualStudioVersion = 14.0.25420.1
MinimumVisualStudioVersion = 10.0.40219.1
Project("{A07B5EB6-E848-4116-A8D0-A826331D98C6}") = "Employee", "Employee\Employee.sfproj", "{9ADE17BF-A8E9-4C47-89A2-410FF142855D}"
EndProject
Project("{FAE04EC0-301F-11D3-BF4B-00C04F79EFBC}") = "Employee.Service", "Employee.Service\Employee.Service.csproj", "{755D6A59-BD05-499D-84F9-3FDDA08042CA}"
EndProject
Project("{A07B5EB6-E848-4116-A8D0-A826331D98C6}") = "Employee.Api", "Employee.Api\Employee.Api.sfproj", "{70A15EBE-9AB8-4CE5-B010-7F377C50D4EA}"
EndProject
Project("{FAE04EC0-301F-11D3-BF4B-00C04F79EFBC}") = "Employee.WebApi", "Employee.WebApi\Employee.WebApi.csproj", "{F4A589CF-EAFF-4BD7-A2C9-6CCE11C0712D}"
EndProject
Project("{FAE04EC0-301F-11D3-BF4B-00C04F79EFBC}") = "Employee.Domain.Interface", "Employee.Domain.Interface\Employee.Domain.Interface.csproj", "{7ACFD470-0AB1-4183-8F7E-47D6CAA6A622}"
EndProject
Project("{A07B5EB6-E848-4116-A8D0-A826331D98C6}") = "Consumer", "Consumer\Consumer.sfproj", "{F718FB56-1B1A-43BE-90C2-C64D63CB0AAD}"
EndProject
Project("{FAE04EC0-301F-11D3-BF4B-00C04F79EFBC}") = "MessageConsumer", "MessageConsumer\MessageConsumer.csproj", "{704E4B47-A1CD-4932-8BC7-D1669C971428}"
EndProject
Project("{FAE04EC0-301F-11D3-BF4B-00C04F79EFBC}") = "ConsumerConfigure", "ConsumerConfigure\ConsumerConfigure.csproj", "{B9F569F7-39AB-4762-BC71-4D69086E5737}"
EndProject
Project("{2150E333-8FDC-42A3-9474-1A3956D46DE8}") = "1-EmployeeService", "1-EmployeeService", "{3AE75044-1366-43E1-8328-20B42683F521}"
EndProject
Project("{2150E333-8FDC-42A3-9474-1A3956D46DE8}") = "2-Consumer", "2-Consumer", "{2F460A04-DBF1-4184-8254-0712B9F262DB}"
EndProject
Project("{FAE04EC0-301F-11D3-BF4B-00C04F79EFBC}") = "ConsumerConfigure.Domain", "ConsumerConfigure.Domain.Interface\ConsumerConfigure.Domain.csproj", "{BAF0E0D7-4931-483C-9402-1D218989F4D4}"
EndProject
Project("{FAE04EC0-301F-11D3-BF4B-00C04F79EFBC}") = "Consumer.WebApi", "Consumer.WebApi\Consumer.WebApi.csproj", "{19394B26-B1F7-4F0E-B737-70EE6F5B63BE}"
EndProject
Project("{FAE04EC0-301F-11D3-BF4B-00C04F79EFBC}") = "BusNotify", "BusNotify\BusNotify.csproj", "{5994773E-4B7D-423C-BE2E-577318DB2D49}"
EndProject
Global
	GlobalSection(SolutionConfigurationPlatforms) = preSolution
		Debug|Any CPU = Debug|Any CPU
		Debug|x64 = Debug|x64
		Release|Any CPU = Release|Any CPU
		Release|x64 = Release|x64
	EndGlobalSection
	GlobalSection(ProjectConfigurationPlatforms) = postSolution
		{9ADE17BF-A8E9-4C47-89A2-410FF142855D}.Debug|Any CPU.ActiveCfg = Debug|x64
		{9ADE17BF-A8E9-4C47-89A2-410FF142855D}.Debug|x64.ActiveCfg = Debug|x64
		{9ADE17BF-A8E9-4C47-89A2-410FF142855D}.Debug|x64.Build.0 = Debug|x64
		{9ADE17BF-A8E9-4C47-89A2-410FF142855D}.Debug|x64.Deploy.0 = Debug|x64
		{9ADE17BF-A8E9-4C47-89A2-410FF142855D}.Release|Any CPU.ActiveCfg = Release|x64
		{9ADE17BF-A8E9-4C47-89A2-410FF142855D}.Release|x64.ActiveCfg = Release|x64
		{9ADE17BF-A8E9-4C47-89A2-410FF142855D}.Release|x64.Build.0 = Release|x64
		{9ADE17BF-A8E9-4C47-89A2-410FF142855D}.Release|x64.Deploy.0 = Release|x64
		{755D6A59-BD05-499D-84F9-3FDDA08042CA}.Debug|Any CPU.ActiveCfg = Debug|x64
		{755D6A59-BD05-499D-84F9-3FDDA08042CA}.Debug|x64.ActiveCfg = Debug|x64
		{755D6A59-BD05-499D-84F9-3FDDA08042CA}.Debug|x64.Build.0 = Debug|x64
		{755D6A59-BD05-499D-84F9-3FDDA08042CA}.Release|Any CPU.ActiveCfg = Release|x64
		{755D6A59-BD05-499D-84F9-3FDDA08042CA}.Release|x64.ActiveCfg = Release|x64
		{755D6A59-BD05-499D-84F9-3FDDA08042CA}.Release|x64.Build.0 = Release|x64
		{70A15EBE-9AB8-4CE5-B010-7F377C50D4EA}.Debug|Any CPU.ActiveCfg = Debug|x64
		{70A15EBE-9AB8-4CE5-B010-7F377C50D4EA}.Debug|x64.ActiveCfg = Debug|x64
		{70A15EBE-9AB8-4CE5-B010-7F377C50D4EA}.Debug|x64.Build.0 = Debug|x64
		{70A15EBE-9AB8-4CE5-B010-7F377C50D4EA}.Debug|x64.Deploy.0 = Debug|x64
		{70A15EBE-9AB8-4CE5-B010-7F377C50D4EA}.Release|Any CPU.ActiveCfg = Release|x64
		{70A15EBE-9AB8-4CE5-B010-7F377C50D4EA}.Release|x64.ActiveCfg = Release|x64
		{70A15EBE-9AB8-4CE5-B010-7F377C50D4EA}.Release|x64.Build.0 = Release|x64
		{70A15EBE-9AB8-4CE5-B010-7F377C50D4EA}.Release|x64.Deploy.0 = Release|x64
		{F4A589CF-EAFF-4BD7-A2C9-6CCE11C0712D}.Debug|Any CPU.ActiveCfg = Debug|x64
		{F4A589CF-EAFF-4BD7-A2C9-6CCE11C0712D}.Debug|x64.ActiveCfg = Debug|x64
		{F4A589CF-EAFF-4BD7-A2C9-6CCE11C0712D}.Debug|x64.Build.0 = Debug|x64
		{F4A589CF-EAFF-4BD7-A2C9-6CCE11C0712D}.Release|Any CPU.ActiveCfg = Release|x64
		{F4A589CF-EAFF-4BD7-A2C9-6CCE11C0712D}.Release|x64.ActiveCfg = Release|x64
		{F4A589CF-EAFF-4BD7-A2C9-6CCE11C0712D}.Release|x64.Build.0 = Release|x64
		{7ACFD470-0AB1-4183-8F7E-47D6CAA6A622}.Debug|Any CPU.ActiveCfg = Debug|Any CPU
		{7ACFD470-0AB1-4183-8F7E-47D6CAA6A622}.Debug|Any CPU.Build.0 = Debug|Any CPU
		{7ACFD470-0AB1-4183-8F7E-47D6CAA6A622}.Debug|x64.ActiveCfg = Debug|Any CPU
		{7ACFD470-0AB1-4183-8F7E-47D6CAA6A622}.Debug|x64.Build.0 = Debug|Any CPU
		{7ACFD470-0AB1-4183-8F7E-47D6CAA6A622}.Release|Any CPU.ActiveCfg = Release|Any CPU
		{7ACFD470-0AB1-4183-8F7E-47D6CAA6A622}.Release|Any CPU.Build.0 = Release|Any CPU
		{7ACFD470-0AB1-4183-8F7E-47D6CAA6A622}.Release|x64.ActiveCfg = Release|Any CPU
		{7ACFD470-0AB1-4183-8F7E-47D6CAA6A622}.Release|x64.Build.0 = Release|Any CPU
		{F718FB56-1B1A-43BE-90C2-C64D63CB0AAD}.Debug|Any CPU.ActiveCfg = Debug|x64
		{F718FB56-1B1A-43BE-90C2-C64D63CB0AAD}.Debug|x64.ActiveCfg = Debug|x64
		{F718FB56-1B1A-43BE-90C2-C64D63CB0AAD}.Debug|x64.Build.0 = Debug|x64
		{F718FB56-1B1A-43BE-90C2-C64D63CB0AAD}.Debug|x64.Deploy.0 = Debug|x64
		{F718FB56-1B1A-43BE-90C2-C64D63CB0AAD}.Release|Any CPU.ActiveCfg = Release|x64
		{F718FB56-1B1A-43BE-90C2-C64D63CB0AAD}.Release|x64.ActiveCfg = Release|x64
		{F718FB56-1B1A-43BE-90C2-C64D63CB0AAD}.Release|x64.Build.0 = Release|x64
		{F718FB56-1B1A-43BE-90C2-C64D63CB0AAD}.Release|x64.Deploy.0 = Release|x64
		{704E4B47-A1CD-4932-8BC7-D1669C971428}.Debug|Any CPU.ActiveCfg = Debug|x64
		{704E4B47-A1CD-4932-8BC7-D1669C971428}.Debug|x64.ActiveCfg = Debug|x64
		{704E4B47-A1CD-4932-8BC7-D1669C971428}.Debug|x64.Build.0 = Debug|x64
		{704E4B47-A1CD-4932-8BC7-D1669C971428}.Release|Any CPU.ActiveCfg = Release|x64
		{704E4B47-A1CD-4932-8BC7-D1669C971428}.Release|x64.ActiveCfg = Release|x64
		{704E4B47-A1CD-4932-8BC7-D1669C971428}.Release|x64.Build.0 = Release|x64
		{B9F569F7-39AB-4762-BC71-4D69086E5737}.Debug|Any CPU.ActiveCfg = Debug|x64
		{B9F569F7-39AB-4762-BC71-4D69086E5737}.Debug|x64.ActiveCfg = Debug|x64
		{B9F569F7-39AB-4762-BC71-4D69086E5737}.Debug|x64.Build.0 = Debug|x64
		{B9F569F7-39AB-4762-BC71-4D69086E5737}.Release|Any CPU.ActiveCfg = Release|x64
		{B9F569F7-39AB-4762-BC71-4D69086E5737}.Release|x64.ActiveCfg = Release|x64
		{B9F569F7-39AB-4762-BC71-4D69086E5737}.Release|x64.Build.0 = Release|x64
		{BAF0E0D7-4931-483C-9402-1D218989F4D4}.Debug|Any CPU.ActiveCfg = Debug|Any CPU
		{BAF0E0D7-4931-483C-9402-1D218989F4D4}.Debug|Any CPU.Build.0 = Debug|Any CPU
		{BAF0E0D7-4931-483C-9402-1D218989F4D4}.Debug|x64.ActiveCfg = Debug|Any CPU
		{BAF0E0D7-4931-483C-9402-1D218989F4D4}.Debug|x64.Build.0 = Debug|Any CPU
		{BAF0E0D7-4931-483C-9402-1D218989F4D4}.Release|Any CPU.ActiveCfg = Release|Any CPU
		{BAF0E0D7-4931-483C-9402-1D218989F4D4}.Release|Any CPU.Build.0 = Release|Any CPU
		{BAF0E0D7-4931-483C-9402-1D218989F4D4}.Release|x64.ActiveCfg = Release|Any CPU
		{BAF0E0D7-4931-483C-9402-1D218989F4D4}.Release|x64.Build.0 = Release|Any CPU
		{19394B26-B1F7-4F0E-B737-70EE6F5B63BE}.Debug|Any CPU.ActiveCfg = Debug|x64
		{19394B26-B1F7-4F0E-B737-70EE6F5B63BE}.Debug|x64.ActiveCfg = Debug|x64
		{19394B26-B1F7-4F0E-B737-70EE6F5B63BE}.Debug|x64.Build.0 = Debug|x64
		{19394B26-B1F7-4F0E-B737-70EE6F5B63BE}.Release|Any CPU.ActiveCfg = Release|x64
		{19394B26-B1F7-4F0E-B737-70EE6F5B63BE}.Release|x64.ActiveCfg = Release|x64
		{19394B26-B1F7-4F0E-B737-70EE6F5B63BE}.Release|x64.Build.0 = Release|x64
		{5994773E-4B7D-423C-BE2E-577318DB2D49}.Debug|Any CPU.ActiveCfg = Debug|Any CPU
		{5994773E-4B7D-423C-BE2E-577318DB2D49}.Debug|Any CPU.Build.0 = Debug|Any CPU
		{5994773E-4B7D-423C-BE2E-577318DB2D49}.Debug|x64.ActiveCfg = Debug|Any CPU
		{5994773E-4B7D-423C-BE2E-577318DB2D49}.Debug|x64.Build.0 = Debug|Any CPU
		{5994773E-4B7D-423C-BE2E-577318DB2D49}.Release|Any CPU.ActiveCfg = Release|Any CPU
		{5994773E-4B7D-423C-BE2E-577318DB2D49}.Release|Any CPU.Build.0 = Release|Any CPU
		{5994773E-4B7D-423C-BE2E-577318DB2D49}.Release|x64.ActiveCfg = Release|Any CPU
		{5994773E-4B7D-423C-BE2E-577318DB2D49}.Release|x64.Build.0 = Release|Any CPU
	EndGlobalSection
	GlobalSection(SolutionProperties) = preSolution
		HideSolutionNode = FALSE
	EndGlobalSection
	GlobalSection(NestedProjects) = preSolution
		{9ADE17BF-A8E9-4C47-89A2-410FF142855D} = {3AE75044-1366-43E1-8328-20B42683F521}
		{755D6A59-BD05-499D-84F9-3FDDA08042CA} = {3AE75044-1366-43E1-8328-20B42683F521}
		{70A15EBE-9AB8-4CE5-B010-7F377C50D4EA} = {3AE75044-1366-43E1-8328-20B42683F521}
		{F4A589CF-EAFF-4BD7-A2C9-6CCE11C0712D} = {3AE75044-1366-43E1-8328-20B42683F521}
		{7ACFD470-0AB1-4183-8F7E-47D6CAA6A622} = {3AE75044-1366-43E1-8328-20B42683F521}
		{F718FB56-1B1A-43BE-90C2-C64D63CB0AAD} = {2F460A04-DBF1-4184-8254-0712B9F262DB}
		{704E4B47-A1CD-4932-8BC7-D1669C971428} = {2F460A04-DBF1-4184-8254-0712B9F262DB}
		{B9F569F7-39AB-4762-BC71-4D69086E5737} = {2F460A04-DBF1-4184-8254-0712B9F262DB}
		{BAF0E0D7-4931-483C-9402-1D218989F4D4} = {2F460A04-DBF1-4184-8254-0712B9F262DB}
		{19394B26-B1F7-4F0E-B737-70EE6F5B63BE} = {2F460A04-DBF1-4184-8254-0712B9F262DB}
	EndGlobalSection
EndGlobal
